
Microsoft Visual Studio Solution File, Format Version 12.00
# Visual Studio Version 17
VisualStudioVersion = 17.4.33213.308
MinimumVisualStudioVersion = 10.0.40219.1
Project("{FAE04EC0-301F-11D3-BF4B-00C04F79EFBC}") = "PruebaListasColasPilas", "PruebaListasColasPilas.csproj", "{D3BFB9A2-7551-4B27-A391-557B124461CF}"
EndProject
Global
	GlobalSection(SolutionConfigurationPlatforms) = preSolution
		Debug|Any CPU = Debug|Any CPU
		Release|Any CPU = Release|Any CPU
	EndGlobalSection
	GlobalSection(ProjectConfigurationPlatforms) = postSolution
		{D3BFB9A2-7551-4B27-A391-557B124461CF}.Debug|Any CPU.ActiveCfg = Debug|Any CPU
		{D3BFB9A2-7551-4B27-A391-557B124461CF}.Debug|Any CPU.Build.0 = Debug|Any CPU
		{D3BFB9A2-7551-4B27-A391-557B124461CF}.Release|Any CPU.ActiveCfg = Release|Any CPU
		{D3BFB9A2-7551-4B27-A391-557B124461CF}.Release|Any CPU.Build.0 = Release|Any CPU
	EndGlobalSection
	GlobalSection(SolutionProperties) = preSolution
		HideSolutionNode = FALSE
	EndGlobalSection
	GlobalSection(ExtensibilityGlobals) = postSolution
		SolutionGuid = {8F8829E6-A93E-43C4-ADAC-A7223F817157}
	EndGlobalSection
EndGlobal
